// !$*UTF8*$!
{
	archiveVersion = 1;
	classes = {
	};
	objectVersion = 46;
	objects = {

/* Begin PBXBuildFile section */
		2AFF5DC21D0D5CC0006C13F7 /* main.m in Sources */ = {isa = PBXBuildFile; fileRef = 2AFF5DC11D0D5CC0006C13F7 /* main.m */; };
		2AFF5DC51D0D5CC0006C13F7 /* AppDelegate.m in Sources */ = {isa = PBXBuildFile; fileRef = 2AFF5DC41D0D5CC0006C13F7 /* AppDelegate.m */; };
		2AFF5DCB1D0D5CC0006C13F7 /* Main.storyboard in Resources */ = {isa = PBXBuildFile; fileRef = 2AFF5DC91D0D5CC0006C13F7 /* Main.storyboard */; };
		2AFF5DCD1D0D5CC0006C13F7 /* Assets.xcassets in Resources */ = {isa = PBXBuildFile; fileRef = 2AFF5DCC1D0D5CC0006C13F7 /* Assets.xcassets */; };
		2AFF5DD01D0D5CC0006C13F7 /* LaunchScreen.storyboard in Resources */ = {isa = PBXBuildFile; fileRef = 2AFF5DCE1D0D5CC0006C13F7 /* LaunchScreen.storyboard */; };
		2AFF5DDB1D0D5CC0006C13F7 /* FileMd5DemoTests.m in Sources */ = {isa = PBXBuildFile; fileRef = 2AFF5DDA1D0D5CC0006C13F7 /* FileMd5DemoTests.m */; };
		2AFF5DE71D0D5CF5006C13F7 /* ADUtilHelper.m in Sources */ = {isa = PBXBuildFile; fileRef = 2AFF5DE61D0D5CF5006C13F7 /* ADUtilHelper.m */; };
		2AFF5DE91D0D5D4B006C13F7 /* WeChatSDK1.7.1.zip in Resources */ = {isa = PBXBuildFile; fileRef = 2AFF5DE81D0D5D4B006C13F7 /* WeChatSDK1.7.1.zip */; };
/* End PBXBuildFile section */

/* Begin PBXContainerItemProxy section */
		2AFF5DD71D0D5CC0006C13F7 /* PBXContainerItemProxy */ = {
			isa = PBXContainerItemProxy;
			containerPortal = 2AFF5DB51D0D5CC0006C13F7 /* Project object */;
			proxyType = 1;
			remoteGlobalIDString = 2AFF5DBC1D0D5CC0006C13F7;
			remoteInfo = FileMd5Demo;
		};
/* End PBXContainerItemProxy section */

/* Begin PBXFileReference section */
		2AFF5DBD1D0D5CC0006C13F7 /* FileMd5Demo.app */ = {isa = PBXFileReference; explicitFileType = wrapper.application; includeInIndex = 0; path = FileMd5Demo.app; sourceTree = BUILT_PRODUCTS_DIR; };
		2AFF5DC11D0D5CC0006C13F7 /* main.m */ = {isa = PBXFileReference; lastKnownFileType = sourcecode.c.objc; path = main.m; sourceTree = "<group>"; };
		2AFF5DC31D0D5CC0006C13F7 /* AppDelegate.h */ = {isa = PBXFileReference; lastKnownFileType = sourcecode.c.h; path = AppDelegate.h; sourceTree = "<group>"; };
		2AFF5DC41D0D5CC0006C13F7 /* AppDelegate.m */ = {isa = PBXFileReference; lastKnownFileType = sourcecode.c.objc; path = AppDelegate.m; sourceTree = "<group>"; };
		2AFF5DCA1D0D5CC0006C13F7 /* Base */ = {isa = PBXFileReference; lastKnownFileType = file.storyboard; name = Base; path = Base.lproj/Main.storyboard; sourceTree = "<group>"; };
		2AFF5DCC1D0D5CC0006C13F7 /* Assets.xcassets */ = {isa = PBXFileReference; lastKnownFileType = folder.assetcatalog; path = Assets.xcassets; sourceTree = "<group>"; };
		2AFF5DCF1D0D5CC0006C13F7 /* Base */ = {isa = PBXFileReference; lastKnownFileType = file.storyboard; name = Base; path = Base.lproj/LaunchScreen.storyboard; sourceTree = "<group>"; };
		2AFF5DD11D0D5CC0006C13F7 /* Info.plist */ = {isa = PBXFileReference; lastKnownFileType = text.plist.xml; path = Info.plist; sourceTree = "<group>"; };
		2AFF5DD61D0D5CC0006C13F7 /* FileMd5DemoTests.xctest */ = {isa = PBXFileReference; explicitFileType = wrapper.cfbundle; includeInIndex = 0; path = FileMd5DemoTests.xctest; sourceTree = BUILT_PRODUCTS_DIR; };
		2AFF5DDA1D0D5CC0006C13F7 /* FileMd5DemoTests.m */ = {isa = PBXFileReference; lastKnownFileType = sourcecode.c.objc; path = FileMd5DemoTests.m; sourceTree = "<group>"; };
		2AFF5DDC1D0D5CC0006C13F7 /* Info.plist */ = {isa = PBXFileReference; lastKnownFileType = text.plist.xml; path = Info.plist; sourceTree = "<group>"; };
		2AFF5DE51D0D5CF5006C13F7 /* ADUtilHelper.h */ = {isa = PBXFileReference; fileEncoding = 4; lastKnownFileType = sourcecode.c.h; path = ADUtilHelper.h; sourceTree = "<group>"; };
		2AFF5DE61D0D5CF5006C13F7 /* ADUtilHelper.m */ = {isa = PBXFileReference; fileEncoding = 4; lastKnownFileType = sourcecode.c.objc; path = ADUtilHelper.m; sourceTree = "<group>"; };
		2AFF5DE81D0D5D4B006C13F7 /* WeChatSDK1.7.1.zip */ = {isa = PBXFileReference; lastKnownFileType = archive.zip; path = WeChatSDK1.7.1.zip; sourceTree = "<group>"; };
/* End PBXFileReference section */

/* Begin PBXFrameworksBuildPhase section */
		2AFF5DBA1D0D5CC0006C13F7 /* Frameworks */ = {
			isa = PBXFrameworksBuildPhase;
			buildActionMask = 2147483647;
			files = (
			);
			runOnlyForDeploymentPostprocessing = 0;
		};
		2AFF5DD31D0D5CC0006C13F7 /* Frameworks */ = {
			isa = PBXFrameworksBuildPhase;
			buildActionMask = 2147483647;
			files = (
			);
			runOnlyForDeploymentPostprocessing = 0;
		};
/* End PBXFrameworksBuildPhase section */

/* Begin PBXGroup section */
		2AFF5DB41D0D5CC0006C13F7 = {
			isa = PBXGroup;
			children = (
				2AFF5DBF1D0D5CC0006C13F7 /* FileMd5Demo */,
				2AFF5DD91D0D5CC0006C13F7 /* FileMd5DemoTests */,
				2AFF5DBE1D0D5CC0006C13F7 /* Products */,
			);
			sourceTree = "<group>";
		};
		2AFF5DBE1D0D5CC0006C13F7 /* Products */ = {
			isa = PBXGroup;
			children = (
				2AFF5DBD1D0D5CC0006C13F7 /* FileMd5Demo.app */,
				2AFF5DD61D0D5CC0006C13F7 /* FileMd5DemoTests.xctest */,
			);
			name = Products;
			sourceTree = "<group>";
		};
		2AFF5DBF1D0D5CC0006C13F7 /* FileMd5Demo */ = {
			isa = PBXGroup;
			children = (
				2AFF5DE81D0D5D4B006C13F7 /* WeChatSDK1.7.1.zip */,
				2AFF5DE51D0D5CF5006C13F7 /* ADUtilHelper.h */,
				2AFF5DE61D0D5CF5006C13F7 /* ADUtilHelper.m */,
				2AFF5DC31D0D5CC0006C13F7 /* AppDelegate.h */,
				2AFF5DC41D0D5CC0006C13F7 /* AppDelegate.m */,
				2AFF5DC91D0D5CC0006C13F7 /* Main.storyboard */,
				2AFF5DCC1D0D5CC0006C13F7 /* Assets.xcassets */,
				2AFF5DCE1D0D5CC0006C13F7 /* LaunchScreen.storyboard */,
				2AFF5DD11D0D5CC0006C13F7 /* Info.plist */,
				2AFF5DC01D0D5CC0006C13F7 /* Supporting Files */,
			);
			path = FileMd5Demo;
			sourceTree = "<group>";
		};
		2AFF5DC01D0D5CC0006C13F7 /* Supporting Files */ = {
			isa = PBXGroup;
			children = (
				2AFF5DC11D0D5CC0006C13F7 /* main.m */,
			);
			name = "Supporting Files";
			sourceTree = "<group>";
		};
		2AFF5DD91D0D5CC0006C13F7 /* FileMd5DemoTests */ = {
			isa = PBXGroup;
			children = (
				2AFF5DDA1D0D5CC0006C13F7 /* FileMd5DemoTests.m */,
				2AFF5DDC1D0D5CC0006C13F7 /* Info.plist */,
			);
			path = FileMd5DemoTests;
			sourceTree = "<group>";
		};
/* End PBXGroup section */

/* Begin PBXNativeTarget section */
		2AFF5DBC1D0D5CC0006C13F7 /* FileMd5Demo */ = {
			isa = PBXNativeTarget;
			buildConfigurationList = 2AFF5DDF1D0D5CC0006C13F7 /* Build configuration list for PBXNativeTarget "FileMd5Demo" */;
			buildPhases = (
				2AFF5DB91D0D5CC0006C13F7 /* Sources */,
				2AFF5DBA1D0D5CC0006C13F7 /* Frameworks */,
				2AFF5DBB1D0D5CC0006C13F7 /* Resources */,
			);
			buildRules = (
			);
			dependencies = (
			);
			name = FileMd5Demo;
			productName = FileMd5Demo;
			productReference = 2AFF5DBD1D0D5CC0006C13F7 /* FileMd5Demo.app */;
			productType = "com.apple.product-type.application";
		};
		2AFF5DD51D0D5CC0006C13F7 /* FileMd5DemoTests */ = {
			isa = PBXNativeTarget;
			buildConfigurationList = 2AFF5DE21D0D5CC0006C13F7 /* Build configuration list for PBXNativeTarget "FileMd5DemoTests" */;
			buildPhases = (
				2AFF5DD21D0D5CC0006C13F7 /* Sources */,
				2AFF5DD31D0D5CC0006C13F7 /* Frameworks */,
				2AFF5DD41D0D5CC0006C13F7 /* Resources */,
			);
			buildRules = (
			);
			dependencies = (
				2AFF5DD81D0D5CC0006C13F7 /* PBXTargetDependency */,
			);
			name = FileMd5DemoTests;
			productName = FileMd5DemoTests;
			productReference = 2AFF5DD61D0D5CC0006C13F7 /* FileMd5DemoTests.xctest */;
			productType = "com.apple.product-type.bundle.unit-test";
		};
/* End PBXNativeTarget section */

/* Begin PBXProject section */
		2AFF5DB51D0D5CC0006C13F7 /* Project object */ = {
			isa = PBXProject;
			attributes = {
				LastUpgradeCheck = 0730;
				ORGANIZATIONNAME = ShawnDu;
				TargetAttributes = {
					2AFF5DBC1D0D5CC0006C13F7 = {
						CreatedOnToolsVersion = 7.3.1;
					};
					2AFF5DD51D0D5CC0006C13F7 = {
						CreatedOnToolsVersion = 7.3.1;
						TestTargetID = 2AFF5DBC1D0D5CC0006C13F7;
					};
				};
			};
			buildConfigurationList = 2AFF5DB81D0D5CC0006C13F7 /* Build configuration list for PBXProject "FileMd5Demo" */;
			compatibilityVersion = "Xcode 3.2";
			developmentRegion = English;
			hasScannedForEncodings = 0;
			knownRegions = (
				en,
				Base,
			);
			mainGroup = 2AFF5DB41D0D5CC0006C13F7;
			productRefGroup = 2AFF5DBE1D0D5CC0006C13F7 /* Products */;
			projectDirPath = "";
			projectRoot = "";
			targets = (
				2AFF5DBC1D0D5CC0006C13F7 /* FileMd5Demo */,
				2AFF5DD51D0D5CC0006C13F7 /* FileMd5DemoTests */,
			);
		};
/* End PBXProject section */

/* Begin PBXResourcesBuildPhase section */
		2AFF5DBB1D0D5CC0006C13F7 /* Resources */ = {
			isa = PBXResourcesBuildPhase;
			buildActionMask = 2147483647;
			files = (
				2AFF5DD01D0D5CC0006C13F7 /* LaunchScreen.storyboard in Resources */,
				2AFF5DCD1D0D5CC0006C13F7 /* Assets.xcassets in Resources */,
				2AFF5DE91D0D5D4B006C13F7 /* WeChatSDK1.7.1.zip in Resources */,
				2AFF5DCB1D0D5CC0006C13F7 /* Main.storyboard in Resources */,
			);
			runOnlyForDeploymentPostprocessing = 0;
		};
		2AFF5DD41D0D5CC0006C13F7 /* Resources */ = {
			isa = PBXResourcesBuildPhase;
			buildActionMask = 2147483647;
			files = (
			);
			runOnlyForDeploymentPostprocessing = 0;
		};
/* End PBXResourcesBuildPhase section */

/* Begin PBXSourcesBuildPhase section */
		2AFF5DB91D0D5CC0006C13F7 /* Sources */ = {
			isa = PBXSourcesBuildPhase;
			buildActionMask = 2147483647;
			files = (
				2AFF5DE71D0D5CF5006C13F7 /* ADUtilHelper.m in Sources */,
				2AFF5DC51D0D5CC0006C13F7 /* AppDelegate.m in Sources */,
				2AFF5DC21D0D5CC0006C13F7 /* main.m in Sources */,
			);
			runOnlyForDeploymentPostprocessing = 0;
		};
		2AFF5DD21D0D5CC0006C13F7 /* Sources */ = {
			isa = PBXSourcesBuildPhase;
			buildActionMask = 2147483647;
			files = (
				2AFF5DDB1D0D5CC0006C13F7 /* FileMd5DemoTests.m in Sources */,
			);
			runOnlyForDeploymentPostprocessing = 0;
		};
/* End PBXSourcesBuildPhase section */

/* Begin PBXTargetDependency section */
		2AFF5DD81D0D5CC0006C13F7 /* PBXTargetDependency */ = {
			isa = PBXTargetDependency;
			target = 2AFF5DBC1D0D5CC0006C13F7 /* FileMd5Demo */;
			targetProxy = 2AFF5DD71D0D5CC0006C13F7 /* PBXContainerItemProxy */;
		};
/* End PBXTargetDependency section */

/* Begin PBXVariantGroup section */
		2AFF5DC91D0D5CC0006C13F7 /* Main.storyboard */ = {
			isa = PBXVariantGroup;
			children = (
				2AFF5DCA1D0D5CC0006C13F7 /* Base */,
			);
			name = Main.storyboard;
			sourceTree = "<group>";
		};
		2AFF5DCE1D0D5CC0006C13F7 /* LaunchScreen.storyboard */ = {
			isa = PBXVariantGroup;
			children = (
				2AFF5DCF1D0D5CC0006C13F7 /* Base */,
			);
			name = LaunchScreen.storyboard;
			sourceTree = "<group>";
		};
/* End PBXVariantGroup section */

/* Begin XCBuildConfiguration section */
		2AFF5DDD1D0D5CC0006C13F7 /* Debug */ = {
			isa = XCBuildConfiguration;
			buildSettings = {
				ALWAYS_SEARCH_USER_PATHS = NO;
				CLANG_ANALYZER_NONNULL = YES;
				CLANG_CXX_LANGUAGE_STANDARD = "gnu++0x";
				CLANG_CXX_LIBRARY = "libc++";
				CLANG_ENABLE_MODULES = YES;
				CLANG_ENABLE_OBJC_ARC = YES;
				CLANG_WARN_BOOL_CONVERSION = YES;
				CLANG_WARN_CONSTANT_CONVERSION = YES;
				CLANG_WARN_DIRECT_OBJC_ISA_USAGE = YES_ERROR;
				CLANG_WARN_EMPTY_BODY = YES;
				CLANG_WARN_ENUM_CONVERSION = YES;
				CLANG_WARN_INT_CONVERSION = YES;
				CLANG_WARN_OBJC_ROOT_CLASS = YES_ERROR;
				CLANG_WARN_UNREACHABLE_CODE = YES;
				CLANG_WARN__DUPLICATE_METHOD_MATCH = YES;
				"CODE_SIGN_IDENTITY[sdk=iphoneos*]" = "iPhone Developer";
				COPY_PHASE_STRIP = NO;
				DEBUG_INFORMATION_FORMAT = dwarf;
				ENABLE_STRICT_OBJC_MSGSEND = YES;
				ENABLE_TESTABILITY = YES;
				GCC_C_LANGUAGE_STANDARD = gnu99;
				GCC_DYNAMIC_NO_PIC = NO;
				GCC_NO_COMMON_BLOCKS = YES;
				GCC_OPTIMIZATION_LEVEL = 0;
				GCC_PREPROCESSOR_DEFINITIONS = (
					"DEBUG=1",
					"$(inherited)",
				);
				GCC_WARN_64_TO_32_BIT_CONVERSION = YES;
				GCC_WARN_ABOUT_RETURN_TYPE = YES_ERROR;
				GCC_WARN_UNDECLARED_SELECTOR = YES;
				GCC_WARN_UNINITIALIZED_AUTOS = YES_AGGRESSIVE;
				GCC_WARN_UNUSED_FUNCTION = YES;
				GCC_WARN_UNUSED_VARIABLE = YES;
				IPHONEOS_DEPLOYMENT_TARGET = 9.3;
				MTL_ENABLE_DEBUG_INFO = YES;
				ONLY_ACTIVE_ARCH = YES;
				SDKROOT = iphoneos;
			};
			name = Debug;
		};
		2AFF5DDE1D0D5CC0006C13F7 /* Release */ = {
			isa = XCBuildConfiguration;
			buildSettings = {
				ALWAYS_SEARCH_USER_PATHS = NO;
				CLANG_ANALYZER_NONNULL = YES;
				CLANG_CXX_LANGUAGE_STANDARD = "gnu++0x";
				CLANG_CXX_LIBRARY = "libc++";
				CLANG_ENABLE_MODULES = YES;
				CLANG_ENABLE_OBJC_ARC = YES;
				CLANG_WARN_BOOL_CONVERSION = YES;
				CLANG_WARN_CONSTANT_CONVERSION = YES;
				CLANG_WARN_DIRECT_OBJC_ISA_USAGE = YES_ERROR;
				CLANG_WARN_EMPTY_BODY = YES;
				CLANG_WARN_ENUM_CONVERSION = YES;
				CLANG_WARN_INT_CONVERSION = YES;
				CLANG_WARN_OBJC_ROOT_CLASS = YES_ERROR;
				CLANG_WARN_UNREACHABLE_CODE = YES;
				CLANG_WARN__DUPLICATE_METHOD_MATCH = YES;
				"CODE_SIGN_IDENTITY[sdk=iphoneos*]" = "iPhone Developer";
				COPY_PHASE_STRIP = NO;
				DEBUG_INFORMATION_FORMAT = "dwarf-with-dsym";
				ENABLE_NS_ASSERTIONS = NO;
				ENABLE_STRICT_OBJC_MSGSEND = YES;
				GCC_C_LANGUAGE_STANDARD = gnu99;
				GCC_NO_COMMON_BLOCKS = YES;
				GCC_WARN_64_TO_32_BIT_CONVERSION = YES;
				GCC_WARN_ABOUT_RETURN_TYPE = YES_ERROR;
				GCC_WARN_UNDECLARED_SELECTOR = YES;
				GCC_WARN_UNINITIALIZED_AUTOS = YES_AGGRESSIVE;
				GCC_WARN_UNUSED_FUNCTION = YES;
				GCC_WARN_UNUSED_VARIABLE = YES;
				IPHONEOS_DEPLOYMENT_TARGET = 9.3;
				MTL_ENABLE_DEBUG_INFO = NO;
				SDKROOT = iphoneos;
				VALIDATE_PRODUCT = YES;
			};
			name = Release;
		};
		2AFF5DE01D0D5CC0006C13F7 /* Debug */ = {
			isa = XCBuildConfiguration;
			buildSettings = {
				ASSETCATALOG_COMPILER_APPICON_NAME = AppIcon;
				INFOPLIST_FILE = FileMd5Demo/Info.plist;
				LD_RUNPATH_SEARCH_PATHS = "$(inherited) @executable_path/Frameworks";
				PRODUCT_BUNDLE_IDENTIFIER = com.shawn.FileMd5Demo;
				PRODUCT_NAME = "$(TARGET_NAME)";
			};
			name = Debug;
		};
		2AFF5DE11D0D5CC0006C13F7 /* Release */ = {
			isa = XCBuildConfiguration;
			buildSettings = {
				ASSETCATALOG_COMPILER_APPICON_NAME = AppIcon;
				INFOPLIST_FILE = FileMd5Demo/Info.plist;
				LD_RUNPATH_SEARCH_PATHS = "$(inherited) @executable_path/Frameworks";
				PRODUCT_BUNDLE_IDENTIFIER = com.shawn.FileMd5Demo;
				PRODUCT_NAME = "$(TARGET_NAME)";
			};
			name = Release;
		};
		2AFF5DE31D0D5CC0006C13F7 /* Debug */ = {
			isa = XCBuildConfiguration;
			buildSettings = {
				BUNDLE_LOADER = "$(TEST_HOST)";
				INFOPLIST_FILE = FileMd5DemoTests/Info.plist;
				LD_RUNPATH_SEARCH_PATHS = "$(inherited) @executable_path/Frameworks @loader_path/Frameworks";
				PRODUCT_BUNDLE_IDENTIFIER = com.shawn.FileMd5DemoTests;
				PRODUCT_NAME = "$(TARGET_NAME)";
				TEST_HOST = "$(BUILT_PRODUCTS_DIR)/FileMd5Demo.app/FileMd5Demo";
			};
			name = Debug;
		};
		2AFF5DE41D0D5CC0006C13F7 /* Release */ = {
			isa = XCBuildConfiguration;
			buildSettings = {
				BUNDLE_LOADER = "$(TEST_HOST)";
				INFOPLIST_FILE = FileMd5DemoTests/Info.plist;
				LD_RUNPATH_SEARCH_PATHS = "$(inherited) @executable_path/Frameworks @loader_path/Frameworks";
				PRODUCT_BUNDLE_IDENTIFIER = com.shawn.FileMd5DemoTests;
				PRODUCT_NAME = "$(TARGET_NAME)";
				TEST_HOST = "$(BUILT_PRODUCTS_DIR)/FileMd5Demo.app/FileMd5Demo";
			};
			name = Release;
		};
/* End XCBuildConfiguration section */

/* Begin XCConfigurationList section */
		2AFF5DB81D0D5CC0006C13F7 /* Build configuration list for PBXProject "FileMd5Demo" */ = {
			isa = XCConfigurationList;
			buildConfigurations = (
				2AFF5DDD1D0D5CC0006C13F7 /* Debug */,
				2AFF5DDE1D0D5CC0006C13F7 /* Release */,
			);
			defaultConfigurationIsVisible = 0;
			defaultConfigurationName = Release;
		};
		2AFF5DDF1D0D5CC0006C13F7 /* Build configuration list for PBXNativeTarget "FileMd5Demo" */ = {
			isa = XCConfigurationList;
			buildConfigurations = (
				2AFF5DE01D0D5CC0006C13F7 /* Debug */,
				2AFF5DE11D0D5CC0006C13F7 /* Release */,
			);
			defaultConfigurationIsVisible = 0;
		};
		2AFF5DE21D0D5CC0006C13F7 /* Build configuration list for PBXNativeTarget "FileMd5DemoTests" */ = {
			isa = XCConfigurationList;
			buildConfigurations = (
				2AFF5DE31D0D5CC0006C13F7 /* Debug */,
				2AFF5DE41D0D5CC0006C13F7 /* Release */,
			);
			defaultConfigurationIsVisible = 0;
		};
/* End XCConfigurationList section */
	};
	rootObject = 2AFF5DB51D0D5CC0006C13F7 /* Project object */;
}
